
Microsoft Visual Studio Solution File, Format Version 12.00
# Visual Studio Version 16
VisualStudioVersion = 16.0.29926.136
MinimumVisualStudioVersion = 10.0.40219.1
Project("{9A19103F-16F7-4668-BE54-9A1E7A4F7556}") = "lab", "lab 4\lab.csproj", "{29319EAE-C611-46D6-B04B-F31E57F95B0E}"
EndProject
Global
	GlobalSection(SolutionConfigurationPlatforms) = preSolution
		Debug|Any CPU = Debug|Any CPU
		Release|Any CPU = Release|Any CPU
	EndGlobalSection
	GlobalSection(ProjectConfigurationPlatforms) = postSolution
		{29319EAE-C611-46D6-B04B-F31E57F95B0E}.Debug|Any CPU.ActiveCfg = Debug|Any CPU
		{29319EAE-C611-46D6-B04B-F31E57F95B0E}.Debug|Any CPU.Build.0 = Debug|Any CPU
		{29319EAE-C611-46D6-B04B-F31E57F95B0E}.Release|Any CPU.ActiveCfg = Release|Any CPU
		{29319EAE-C611-46D6-B04B-F31E57F95B0E}.Release|Any CPU.Build.0 = Release|Any CPU
	EndGlobalSection
	GlobalSection(SolutionProperties) = preSolution
		HideSolutionNode = FALSE
	EndGlobalSection
	GlobalSection(ExtensibilityGlobals) = postSolution
		SolutionGuid = {C89E6990-9305-49A6-BF7E-97AF699A7BAC}
	EndGlobalSection
EndGlobal
